
Microsoft Visual Studio Solution File, Format Version 12.00
# Visual Studio 15
VisualStudioVersion = 15.0.27004.2006
MinimumVisualStudioVersion = 10.0.40219.1
Project("{FAE04EC0-301F-11D3-BF4B-00C04F79EFBC}") = "OpenGLCSTest", "OpenGLCSTest\OpenGLCSTest.csproj", "{1A8AB1B5-15C2-491E-B5F4-BDE58C8F369C}"
EndProject
Global
	GlobalSection(SolutionConfigurationPlatforms) = preSolution
		Debug|Any CPU = Debug|Any CPU
		Release|Any CPU = Release|Any CPU
	EndGlobalSection
	GlobalSection(ProjectConfigurationPlatforms) = postSolution
		{1A8AB1B5-15C2-491E-B5F4-BDE58C8F369C}.Debug|Any CPU.ActiveCfg = Debug|Any CPU
		{1A8AB1B5-15C2-491E-B5F4-BDE58C8F369C}.Debug|Any CPU.Build.0 = Debug|Any CPU
		{1A8AB1B5-15C2-491E-B5F4-BDE58C8F369C}.Release|Any CPU.ActiveCfg = Release|Any CPU
		{1A8AB1B5-15C2-491E-B5F4-BDE58C8F369C}.Release|Any CPU.Build.0 = Release|Any CPU
	EndGlobalSection
	GlobalSection(SolutionProperties) = preSolution
		HideSolutionNode = FALSE
	EndGlobalSection
	GlobalSection(ExtensibilityGlobals) = postSolution
		SolutionGuid = {61BD053F-54DC-4151-AC96-3113B4815669}
	EndGlobalSection
EndGlobal
